# @generated by Move, please check-in and do not edit manually.

[move]
version = 3
manifest_digest = "11CE1BA614D73956E1B15013C628850EDCBB10E784A1FB39308099BDEE7EBF68"
deps_digest = "060AD7E57DFB13104F21BE5F5C3759D03F0553FC3229247D9A7A6B45F50D03A3"
dependencies = [
  { id = "Sui", name = "Sui" },
  { id = "TokenBridge", name = "TokenBridge" },
  { id = "Wormhole", name = "Wormhole" },
]

[[move.package]]
id = "MoveStdlib"
source = { git = "https://github.com/MystenLabs/sui.git", rev = "041c5f2bae2fe52079e44b70514333532d69f4e6", subdir = "crates/sui-framework/packages/move-stdlib" }

[[move.package]]
id = "Sui"
source = { git = "https://github.com/MystenLabs/sui.git", rev = "041c5f2bae2fe52079e44b70514333532d69f4e6", subdir = "crates/sui-framework/packages/sui-framework" }

dependencies = [
  { id = "MoveStdlib", name = "MoveStdlib" },
]

[[move.package]]
id = "TokenBridge"
source = { local = "token_bridge" }

dependencies = [
  { id = "Sui", name = "Sui" },
]

dev-dependencies = [
  { id = "Wormhole", name = "Wormhole" },
]

[[move.package]]
id = "Wormhole"
source = { local = "wormhole" }

dependencies = [
  { id = "Sui", name = "Sui" },
]

[move.toolchain-version]
compiler-version = "1.40.3"
edition = "2024.beta"
flavor = "sui"

[env]

[env.testnet]
chain-id = "4c78adac"
original-published-id = "0x06fb016afe31ddafcd4d3c43654c478179200d335eae1da5f4d2cebab35a630e"
latest-published-id = "0x06fb016afe31ddafcd4d3c43654c478179200d335eae1da5f4d2cebab35a630e"
published-version = "1"
