# @generated by Move, please check-in and do not edit manually.

[move]
version = 3
manifest_digest = "CB278F49079B80A5AF8BC1C5A0543A738FC774CD3ED97C6B875759B66C98A362"
deps_digest = "060AD7E57DFB13104F21BE5F5C3759D03F0553FC3229247D9A7A6B45F50D03A3"
dependencies = [
  { id = "Sui", name = "Sui" },
  { id = "TokenBridge", name = "TokenBridge" },
  { id = "Wormhole", name = "Wormhole" },
]

[[move.package]]
id = "MoveStdlib"
source = { git = "https://github.com/MystenLabs/sui.git", rev = "041c5f2bae2fe52079e44b70514333532d69f4e6", subdir = "crates/sui-framework/packages/move-stdlib" }

[[move.package]]
id = "Sui"
source = { git = "https://github.com/MystenLabs/sui.git", rev = "041c5f2bae2fe52079e44b70514333532d69f4e6", subdir = "crates/sui-framework/packages/sui-framework" }

dependencies = [
  { id = "MoveStdlib", name = "MoveStdlib" },
]

[[move.package]]
id = "TokenBridge"
source = { git = "https://github.com/wormhole-foundation/wormhole.git", rev = "main", subdir = "sui/token_bridge" }

dependencies = [
  { id = "Sui", name = "Sui" },
]

dev-dependencies = [
  { id = "Wormhole", name = "Wormhole" },
]

[[move.package]]
id = "Wormhole"
source = { git = "https://github.com/wormhole-foundation/wormhole.git", rev = "main", subdir = "sui/wormhole" }

dependencies = [
  { id = "Sui", name = "Sui" },
]

[move.toolchain-version]
compiler-version = "1.48.1"
edition = "2024.beta"
flavor = "sui"

[env]

[env.testnet]
chain-id = "4c78adac"
original-published-id = "0x1db1fcdaada7c286d77f3347e593e06d8f33b8255e0861033a0a9f321f4eade7"
latest-published-id = "0x1db1fcdaada7c286d77f3347e593e06d8f33b8255e0861033a0a9f321f4eade7"
published-version = "1"
