# @generated by Move, please check-in and do not edit manually.

[move]
version = 3
manifest_digest = "DE18F1B30A3FBA49A658926F8819F9D2C6222D0764CA558D526E9512F959CA11"
deps_digest = "060AD7E57DFB13104F21BE5F5C3759D03F0553FC3229247D9A7A6B45F50D03A3"
dependencies = [
  { id = "Sui", name = "Sui" },
  { id = "TokenBridge", name = "TokenBridge" },
  { id = "Wormhole", name = "Wormhole" },
]

[[move.package]]
id = "MoveStdlib"
source = { git = "https://github.com/MystenLabs/sui.git", rev = "041c5f2bae2fe52079e44b70514333532d69f4e6", subdir = "crates/sui-framework/packages/move-stdlib" }

[[move.package]]
id = "Sui"
source = { git = "https://github.com/MystenLabs/sui.git", rev = "041c5f2bae2fe52079e44b70514333532d69f4e6", subdir = "crates/sui-framework/packages/sui-framework" }

dependencies = [
  { id = "MoveStdlib", name = "MoveStdlib" },
]

[[move.package]]
id = "TokenBridge"
source = { local = "../wormhole/sui/token_bridge" }

dependencies = [
  { id = "Sui", name = "Sui" },
  { id = "Wormhole", name = "Wormhole" },
]

[[move.package]]
id = "Wormhole"
source = { local = "../wormhole/sui/wormhole" }

dependencies = [
  { id = "Sui", name = "Sui" },
]

[move.toolchain-version]
compiler-version = "1.48.1"
edition = "2024.beta"
flavor = "sui"

[env]

[env.testnet]
chain-id = "4c78adac"
original-published-id = "0x3d78316ce8ee3fe48d7ff85cdc2d0df9d459f43d802d96f58f7b59984c2dd3ae"
latest-published-id = "0x3d78316ce8ee3fe48d7ff85cdc2d0df9d459f43d802d96f58f7b59984c2dd3ae"
published-version = "1"
